// !$*UTF8*$!
{
	archiveVersion = 1;
	classes = {
	};
	objectVersion = 46;
	objects = {

/* Begin PBXBuildFile section */
		4A0669761A22D16900132D0E /* AppDelegate.swift in Sources */ = {isa = PBXBuildFile; fileRef = 4A0669751A22D16900132D0E /* AppDelegate.swift */; };
		4A0669891A22D16900132D0E /* SimpleMergeTests.swift in Sources */ = {isa = PBXBuildFile; fileRef = 4A0669881A22D16900132D0E /* SimpleMergeTests.swift */; };
		4A0669931A22D18D00132D0E /* WindowController.swift in Sources */ = {isa = PBXBuildFile; fileRef = 4A0669921A22D18D00132D0E /* WindowController.swift */; };
		4A0669951A22D1B000132D0E /* ViewController.swift in Sources */ = {isa = PBXBuildFile; fileRef = 4A0669941A22D1B000132D0E /* ViewController.swift */; };
		4A0669971A22D1B600132D0E /* Main.storyboard in Resources */ = {isa = PBXBuildFile; fileRef = 4A0669961A22D1B600132D0E /* Main.storyboard */; };
		4A0669991A22D1C600132D0E /* Images.xcassets in Resources */ = {isa = PBXBuildFile; fileRef = 4A0669981A22D1C600132D0E /* Images.xcassets */; };
/* End PBXBuildFile section */

/* Begin PBXContainerItemProxy section */
		4A0669831A22D16900132D0E /* PBXContainerItemProxy */ = {
			isa = PBXContainerItemProxy;
			containerPortal = 4A0669681A22D16900132D0E /* Project object */;
			proxyType = 1;
			remoteGlobalIDString = 4A06696F1A22D16900132D0E;
			remoteInfo = SimpleMerge;
		};
/* End PBXContainerItemProxy section */

/* Begin PBXFileReference section */
		4A0669701A22D16900132D0E /* SimpleMerge.app */ = {isa = PBXFileReference; explicitFileType = wrapper.application; includeInIndex = 0; path = SimpleMerge.app; sourceTree = BUILT_PRODUCTS_DIR; };
		4A0669741A22D16900132D0E /* Info.plist */ = {isa = PBXFileReference; lastKnownFileType = text.plist.xml; path = Info.plist; sourceTree = "<group>"; };
		4A0669751A22D16900132D0E /* AppDelegate.swift */ = {isa = PBXFileReference; lastKnownFileType = sourcecode.swift; path = AppDelegate.swift; sourceTree = "<group>"; };
		4A0669821A22D16900132D0E /* SimpleMergeTests.xctest */ = {isa = PBXFileReference; explicitFileType = wrapper.cfbundle; includeInIndex = 0; path = SimpleMergeTests.xctest; sourceTree = BUILT_PRODUCTS_DIR; };
		4A0669871A22D16900132D0E /* Info.plist */ = {isa = PBXFileReference; lastKnownFileType = text.plist.xml; path = Info.plist; sourceTree = "<group>"; };
		4A0669881A22D16900132D0E /* SimpleMergeTests.swift */ = {isa = PBXFileReference; lastKnownFileType = sourcecode.swift; path = SimpleMergeTests.swift; sourceTree = "<group>"; };
		4A0669921A22D18D00132D0E /* WindowController.swift */ = {isa = PBXFileReference; fileEncoding = 4; lastKnownFileType = sourcecode.swift; path = WindowController.swift; sourceTree = "<group>"; };
		4A0669941A22D1B000132D0E /* ViewController.swift */ = {isa = PBXFileReference; fileEncoding = 4; lastKnownFileType = sourcecode.swift; path = ViewController.swift; sourceTree = "<group>"; };
		4A0669961A22D1B600132D0E /* Main.storyboard */ = {isa = PBXFileReference; fileEncoding = 4; lastKnownFileType = file.storyboard; path = Main.storyboard; sourceTree = "<group>"; };
		4A0669981A22D1C600132D0E /* Images.xcassets */ = {isa = PBXFileReference; lastKnownFileType = folder.assetcatalog; path = Images.xcassets; sourceTree = "<group>"; };
/* End PBXFileReference section */

/* Begin PBXFrameworksBuildPhase section */
		4A06696D1A22D16900132D0E /* Frameworks */ = {
			isa = PBXFrameworksBuildPhase;
			buildActionMask = 2147483647;
			files = (
			);
			runOnlyForDeploymentPostprocessing = 0;
		};
		4A06697F1A22D16900132D0E /* Frameworks */ = {
			isa = PBXFrameworksBuildPhase;
			buildActionMask = 2147483647;
			files = (
			);
			runOnlyForDeploymentPostprocessing = 0;
		};
/* End PBXFrameworksBuildPhase section */

/* Begin PBXGroup section */
		4A0669671A22D16900132D0E = {
			isa = PBXGroup;
			children = (
				4A0669721A22D16900132D0E /* SimpleMerge */,
				4A0669851A22D16900132D0E /* SimpleMergeTests */,
				4A0669711A22D16900132D0E /* Products */,
			);
			sourceTree = "<group>";
		};
		4A0669711A22D16900132D0E /* Products */ = {
			isa = PBXGroup;
			children = (
				4A0669701A22D16900132D0E /* SimpleMerge.app */,
				4A0669821A22D16900132D0E /* SimpleMergeTests.xctest */,
			);
			name = Products;
			sourceTree = "<group>";
		};
		4A0669721A22D16900132D0E /* SimpleMerge */ = {
			isa = PBXGroup;
			children = (
				4A0669921A22D18D00132D0E /* WindowController.swift */,
				4A0669751A22D16900132D0E /* AppDelegate.swift */,
				4A0669941A22D1B000132D0E /* ViewController.swift */,
				4A0669981A22D1C600132D0E /* Images.xcassets */,
				4A0669961A22D1B600132D0E /* Main.storyboard */,
				4A0669731A22D16900132D0E /* Supporting Files */,
			);
			path = SimpleMerge;
			sourceTree = "<group>";
		};
		4A0669731A22D16900132D0E /* Supporting Files */ = {
			isa = PBXGroup;
			children = (
				4A0669741A22D16900132D0E /* Info.plist */,
			);
			name = "Supporting Files";
			sourceTree = "<group>";
		};
		4A0669851A22D16900132D0E /* SimpleMergeTests */ = {
			isa = PBXGroup;
			children = (
				4A0669881A22D16900132D0E /* SimpleMergeTests.swift */,
				4A0669861A22D16900132D0E /* Supporting Files */,
			);
			path = SimpleMergeTests;
			sourceTree = "<group>";
		};
		4A0669861A22D16900132D0E /* Supporting Files */ = {
			isa = PBXGroup;
			children = (
				4A0669871A22D16900132D0E /* Info.plist */,
			);
			name = "Supporting Files";
			sourceTree = "<group>";
		};
/* End PBXGroup section */

/* Begin PBXNativeTarget section */
		4A06696F1A22D16900132D0E /* SimpleMerge */ = {
			isa = PBXNativeTarget;
			buildConfigurationList = 4A06698C1A22D16900132D0E /* Build configuration list for PBXNativeTarget "SimpleMerge" */;
			buildPhases = (
				4A06696C1A22D16900132D0E /* Sources */,
				4A06696D1A22D16900132D0E /* Frameworks */,
				4A06696E1A22D16900132D0E /* Resources */,
			);
			buildRules = (
			);
			dependencies = (
			);
			name = SimpleMerge;
			productName = SimpleMerge;
			productReference = 4A0669701A22D16900132D0E /* SimpleMerge.app */;
			productType = "com.apple.product-type.application";
		};
		4A0669811A22D16900132D0E /* SimpleMergeTests */ = {
			isa = PBXNativeTarget;
			buildConfigurationList = 4A06698F1A22D16900132D0E /* Build configuration list for PBXNativeTarget "SimpleMergeTests" */;
			buildPhases = (
				4A06697E1A22D16900132D0E /* Sources */,
				4A06697F1A22D16900132D0E /* Frameworks */,
				4A0669801A22D16900132D0E /* Resources */,
			);
			buildRules = (
			);
			dependencies = (
				4A0669841A22D16900132D0E /* PBXTargetDependency */,
			);
			name = SimpleMergeTests;
			productName = SimpleMergeTests;
			productReference = 4A0669821A22D16900132D0E /* SimpleMergeTests.xctest */;
			productType = "com.apple.product-type.bundle.unit-test";
		};
/* End PBXNativeTarget section */

/* Begin PBXProject section */
		4A0669681A22D16900132D0E /* Project object */ = {
			isa = PBXProject;
			attributes = {
				LastUpgradeCheck = 0610;
				ORGANIZATIONNAME = "Harry Shamansky";
				TargetAttributes = {
					4A06696F1A22D16900132D0E = {
						CreatedOnToolsVersion = 6.1;
					};
					4A0669811A22D16900132D0E = {
						CreatedOnToolsVersion = 6.1;
						TestTargetID = 4A06696F1A22D16900132D0E;
					};
				};
			};
			buildConfigurationList = 4A06696B1A22D16900132D0E /* Build configuration list for PBXProject "SimpleMerge" */;
			compatibilityVersion = "Xcode 3.2";
			developmentRegion = English;
			hasScannedForEncodings = 0;
			knownRegions = (
				en,
				Base,
			);
			mainGroup = 4A0669671A22D16900132D0E;
			productRefGroup = 4A0669711A22D16900132D0E /* Products */;
			projectDirPath = "";
			projectRoot = "";
			targets = (
				4A06696F1A22D16900132D0E /* SimpleMerge */,
				4A0669811A22D16900132D0E /* SimpleMergeTests */,
			);
		};
/* End PBXProject section */

/* Begin PBXResourcesBuildPhase section */
		4A06696E1A22D16900132D0E /* Resources */ = {
			isa = PBXResourcesBuildPhase;
			buildActionMask = 2147483647;
			files = (
				4A0669971A22D1B600132D0E /* Main.storyboard in Resources */,
				4A0669991A22D1C600132D0E /* Images.xcassets in Resources */,
			);
			runOnlyForDeploymentPostprocessing = 0;
		};
		4A0669801A22D16900132D0E /* Resources */ = {
			isa = PBXResourcesBuildPhase;
			buildActionMask = 2147483647;
			files = (
			);
			runOnlyForDeploymentPostprocessing = 0;
		};
/* End PBXResourcesBuildPhase section */

/* Begin PBXSourcesBuildPhase section */
		4A06696C1A22D16900132D0E /* Sources */ = {
			isa = PBXSourcesBuildPhase;
			buildActionMask = 2147483647;
			files = (
				4A0669951A22D1B000132D0E /* ViewController.swift in Sources */,
				4A0669931A22D18D00132D0E /* WindowController.swift in Sources */,
				4A0669761A22D16900132D0E /* AppDelegate.swift in Sources */,
			);
			runOnlyForDeploymentPostprocessing = 0;
		};
		4A06697E1A22D16900132D0E /* Sources */ = {
			isa = PBXSourcesBuildPhase;
			buildActionMask = 2147483647;
			files = (
				4A0669891A22D16900132D0E /* SimpleMergeTests.swift in Sources */,
			);
			runOnlyForDeploymentPostprocessing = 0;
		};
/* End PBXSourcesBuildPhase section */

/* Begin PBXTargetDependency section */
		4A0669841A22D16900132D0E /* PBXTargetDependency */ = {
			isa = PBXTargetDependency;
			target = 4A06696F1A22D16900132D0E /* SimpleMerge */;
			targetProxy = 4A0669831A22D16900132D0E /* PBXContainerItemProxy */;
		};
/* End PBXTargetDependency section */

/* Begin XCBuildConfiguration section */
		4A06698A1A22D16900132D0E /* Debug */ = {
			isa = XCBuildConfiguration;
			buildSettings = {
				ALWAYS_SEARCH_USER_PATHS = NO;
				CLANG_CXX_LANGUAGE_STANDARD = "gnu++0x";
				CLANG_CXX_LIBRARY = "libc++";
				CLANG_ENABLE_MODULES = YES;
				CLANG_ENABLE_OBJC_ARC = YES;
				CLANG_WARN_BOOL_CONVERSION = YES;
				CLANG_WARN_CONSTANT_CONVERSION = YES;
				CLANG_WARN_DIRECT_OBJC_ISA_USAGE = YES_ERROR;
				CLANG_WARN_EMPTY_BODY = YES;
				CLANG_WARN_ENUM_CONVERSION = YES;
				CLANG_WARN_INT_CONVERSION = YES;
				CLANG_WARN_OBJC_ROOT_CLASS = YES_ERROR;
				CLANG_WARN_UNREACHABLE_CODE = YES;
				CLANG_WARN__DUPLICATE_METHOD_MATCH = YES;
				CODE_SIGN_IDENTITY = "-";
				COPY_PHASE_STRIP = NO;
				ENABLE_STRICT_OBJC_MSGSEND = YES;
				GCC_C_LANGUAGE_STANDARD = gnu99;
				GCC_DYNAMIC_NO_PIC = NO;
				GCC_OPTIMIZATION_LEVEL = 0;
				GCC_PREPROCESSOR_DEFINITIONS = (
					"DEBUG=1",
					"$(inherited)",
				);
				GCC_SYMBOLS_PRIVATE_EXTERN = NO;
				GCC_WARN_64_TO_32_BIT_CONVERSION = YES;
				GCC_WARN_ABOUT_RETURN_TYPE = YES_ERROR;
				GCC_WARN_UNDECLARED_SELECTOR = YES;
				GCC_WARN_UNINITIALIZED_AUTOS = YES_AGGRESSIVE;
				GCC_WARN_UNUSED_FUNCTION = YES;
				GCC_WARN_UNUSED_VARIABLE = YES;
				MACOSX_DEPLOYMENT_TARGET = 10.10;
				MTL_ENABLE_DEBUG_INFO = YES;
				ONLY_ACTIVE_ARCH = YES;
				SDKROOT = macosx;
				SWIFT_OPTIMIZATION_LEVEL = "-Onone";
			};
			name = Debug;
		};
		4A06698B1A22D16900132D0E /* Release */ = {
			isa = XCBuildConfiguration;
			buildSettings = {
				ALWAYS_SEARCH_USER_PATHS = NO;
				CLANG_CXX_LANGUAGE_STANDARD = "gnu++0x";
				CLANG_CXX_LIBRARY = "libc++";
				CLANG_ENABLE_MODULES = YES;
				CLANG_ENABLE_OBJC_ARC = YES;
				CLANG_WARN_BOOL_CONVERSION = YES;
				CLANG_WARN_CONSTANT_CONVERSION = YES;
				CLANG_WARN_DIRECT_OBJC_ISA_USAGE = YES_ERROR;
				CLANG_WARN_EMPTY_BODY = YES;
				CLANG_WARN_ENUM_CONVERSION = YES;
				CLANG_WARN_INT_CONVERSION = YES;
				CLANG_WARN_OBJC_ROOT_CLASS = YES_ERROR;
				CLANG_WARN_UNREACHABLE_CODE = YES;
				CLANG_WARN__DUPLICATE_METHOD_MATCH = YES;
				CODE_SIGN_IDENTITY = "-";
				COPY_PHASE_STRIP = YES;
				DEBUG_INFORMATION_FORMAT = "dwarf-with-dsym";
				ENABLE_NS_ASSERTIONS = NO;
				ENABLE_STRICT_OBJC_MSGSEND = YES;
				GCC_C_LANGUAGE_STANDARD = gnu99;
				GCC_WARN_64_TO_32_BIT_CONVERSION = YES;
				GCC_WARN_ABOUT_RETURN_TYPE = YES_ERROR;
				GCC_WARN_UNDECLARED_SELECTOR = YES;
				GCC_WARN_UNINITIALIZED_AUTOS = YES_AGGRESSIVE;
				GCC_WARN_UNUSED_FUNCTION = YES;
				GCC_WARN_UNUSED_VARIABLE = YES;
				MACOSX_DEPLOYMENT_TARGET = 10.10;
				MTL_ENABLE_DEBUG_INFO = NO;
				SDKROOT = macosx;
			};
			name = Release;
		};
		4A06698D1A22D16900132D0E /* Debug */ = {
			isa = XCBuildConfiguration;
			buildSettings = {
				ASSETCATALOG_COMPILER_APPICON_NAME = AppIcon;
				COMBINE_HIDPI_IMAGES = YES;
				INFOPLIST_FILE = SimpleMerge/Info.plist;
				LD_RUNPATH_SEARCH_PATHS = "$(inherited) @executable_path/../Frameworks";
				PRODUCT_NAME = "$(TARGET_NAME)";
			};
			name = Debug;
		};
		4A06698E1A22D16900132D0E /* Release */ = {
			isa = XCBuildConfiguration;
			buildSettings = {
				ASSETCATALOG_COMPILER_APPICON_NAME = AppIcon;
				COMBINE_HIDPI_IMAGES = YES;
				INFOPLIST_FILE = SimpleMerge/Info.plist;
				LD_RUNPATH_SEARCH_PATHS = "$(inherited) @executable_path/../Frameworks";
				PRODUCT_NAME = "$(TARGET_NAME)";
			};
			name = Release;
		};
		4A0669901A22D16900132D0E /* Debug */ = {
			isa = XCBuildConfiguration;
			buildSettings = {
				BUNDLE_LOADER = "$(TEST_HOST)";
				COMBINE_HIDPI_IMAGES = YES;
				FRAMEWORK_SEARCH_PATHS = (
					"$(DEVELOPER_FRAMEWORKS_DIR)",
					"$(inherited)",
				);
				GCC_PREPROCESSOR_DEFINITIONS = (
					"DEBUG=1",
					"$(inherited)",
				);
				INFOPLIST_FILE = SimpleMergeTests/Info.plist;
				LD_RUNPATH_SEARCH_PATHS = "$(inherited) @executable_path/../Frameworks @loader_path/../Frameworks";
				PRODUCT_NAME = "$(TARGET_NAME)";
				TEST_HOST = "$(BUILT_PRODUCTS_DIR)/SimpleMerge.app/Contents/MacOS/SimpleMerge";
			};
			name = Debug;
		};
		4A0669911A22D16900132D0E /* Release */ = {
			isa = XCBuildConfiguration;
			buildSettings = {
				BUNDLE_LOADER = "$(TEST_HOST)";
				COMBINE_HIDPI_IMAGES = YES;
				FRAMEWORK_SEARCH_PATHS = (
					"$(DEVELOPER_FRAMEWORKS_DIR)",
					"$(inherited)",
				);
				INFOPLIST_FILE = SimpleMergeTests/Info.plist;
				LD_RUNPATH_SEARCH_PATHS = "$(inherited) @executable_path/../Frameworks @loader_path/../Frameworks";
				PRODUCT_NAME = "$(TARGET_NAME)";
				TEST_HOST = "$(BUILT_PRODUCTS_DIR)/SimpleMerge.app/Contents/MacOS/SimpleMerge";
			};
			name = Release;
		};
/* End XCBuildConfiguration section */

/* Begin XCConfigurationList section */
		4A06696B1A22D16900132D0E /* Build configuration list for PBXProject "SimpleMerge" */ = {
			isa = XCConfigurationList;
			buildConfigurations = (
				4A06698A1A22D16900132D0E /* Debug */,
				4A06698B1A22D16900132D0E /* Release */,
			);
			defaultConfigurationIsVisible = 0;
			defaultConfigurationName = Release;
		};
		4A06698C1A22D16900132D0E /* Build configuration list for PBXNativeTarget "SimpleMerge" */ = {
			isa = XCConfigurationList;
			buildConfigurations = (
				4A06698D1A22D16900132D0E /* Debug */,
				4A06698E1A22D16900132D0E /* Release */,
			);
			defaultConfigurationIsVisible = 0;
		};
		4A06698F1A22D16900132D0E /* Build configuration list for PBXNativeTarget "SimpleMergeTests" */ = {
			isa = XCConfigurationList;
			buildConfigurations = (
				4A0669901A22D16900132D0E /* Debug */,
				4A0669911A22D16900132D0E /* Release */,
			);
			defaultConfigurationIsVisible = 0;
		};
/* End XCConfigurationList section */
	};
	rootObject = 4A0669681A22D16900132D0E /* Project object */;
}
